// !$*UTF8*$!
{
	archiveVersion = 1;
	classes = {
	};
	objectVersion = 50;
	objects = {

/* Begin PBXBuildFile section */
		1F0C5F4D5141AF3B74D8E3F9D3FD94E0 /* TezosKit.framework in Frameworks */ = {isa = PBXBuildFile; fileRef = 3A44A3C40D634F2FE02518D1411E575D /* TezosKit.framework */; };
		743BBB48B6A3746C7DFA3943D0ED8A4F /* AppDelegate.swift in Sources */ = {isa = PBXBuildFile; fileRef = A3E145BEB909297891E750E79B38412A /* AppDelegate.swift */; };
		774F3673233DBC5300E1221E /* Address+ContractAddress.swift in Sources */ = {isa = PBXBuildFile; fileRef = 774F3672233DBC5300E1221E /* Address+ContractAddress.swift */; };
		774F3675233DBEBC00E1221E /* UIColor+TezosKit.swift in Sources */ = {isa = PBXBuildFile; fileRef = 774F3674233DBEBC00E1221E /* UIColor+TezosKit.swift */; };
		774F3677233DBF2A00E1221E /* UIButton+TezosKit.swift in Sources */ = {isa = PBXBuildFile; fileRef = 774F3676233DBF2A00E1221E /* UIButton+TezosKit.swift */; };
		774F367A233DC89700E1221E /* ContractSelectorView.swift in Sources */ = {isa = PBXBuildFile; fileRef = 774F3678233DC89700E1221E /* ContractSelectorView.swift */; };
		774F367B233DC89700E1221E /* ContractSelectorViewController.swift in Sources */ = {isa = PBXBuildFile; fileRef = 774F3679233DC89700E1221E /* ContractSelectorViewController.swift */; };
		774F367E233DCF4700E1221E /* ExchangeContractViewController.swift in Sources */ = {isa = PBXBuildFile; fileRef = 774F367C233DCF4700E1221E /* ExchangeContractViewController.swift */; };
		774F367F233DCF4700E1221E /* ExchangeContractView.swift in Sources */ = {isa = PBXBuildFile; fileRef = 774F367D233DCF4700E1221E /* ExchangeContractView.swift */; };
		774F3681233DDFBE00E1221E /* UIViewController+UIAlert.swift in Sources */ = {isa = PBXBuildFile; fileRef = 774F3680233DDFBE00E1221E /* UIViewController+UIAlert.swift */; };
		845AEF68134F624C675E0E8F060394C6 /* TokenContractViewController.swift in Sources */ = {isa = PBXBuildFile; fileRef = 7653A596A3F8B920CCC368090D4CF04F /* TokenContractViewController.swift */; };
		E36AF4C6BCBCBD67B8C465ACAC813FAF /* TokenContractView.swift in Sources */ = {isa = PBXBuildFile; fileRef = 1EE9BD162D9C0A1EA6FB74F11F63EF3B /* TokenContractView.swift */; };
/* End PBXBuildFile section */

/* Begin PBXFileReference section */
		1EE9BD162D9C0A1EA6FB74F11F63EF3B /* TokenContractView.swift */ = {isa = PBXFileReference; lastKnownFileType = sourcecode.swift; path = TokenContractView.swift; sourceTree = "<group>"; };
		3A44A3C40D634F2FE02518D1411E575D /* TezosKit.framework */ = {isa = PBXFileReference; lastKnownFileType = wrapper.framework; path = TezosKit.framework; sourceTree = "<group>"; };
		6C8630102DA24ACA03D77E2C440B2DF9 /* DEXterDemo.app */ = {isa = PBXFileReference; explicitFileType = wrapper.application; includeInIndex = 0; path = DEXterDemo.app; sourceTree = BUILT_PRODUCTS_DIR; };
		7653A596A3F8B920CCC368090D4CF04F /* TokenContractViewController.swift */ = {isa = PBXFileReference; lastKnownFileType = sourcecode.swift; path = TokenContractViewController.swift; sourceTree = "<group>"; };
		774F3672233DBC5300E1221E /* Address+ContractAddress.swift */ = {isa = PBXFileReference; fileEncoding = 4; lastKnownFileType = sourcecode.swift; path = "Address+ContractAddress.swift"; sourceTree = "<group>"; };
		774F3674233DBEBC00E1221E /* UIColor+TezosKit.swift */ = {isa = PBXFileReference; fileEncoding = 4; lastKnownFileType = sourcecode.swift; path = "UIColor+TezosKit.swift"; sourceTree = "<group>"; };
		774F3676233DBF2A00E1221E /* UIButton+TezosKit.swift */ = {isa = PBXFileReference; fileEncoding = 4; lastKnownFileType = sourcecode.swift; path = "UIButton+TezosKit.swift"; sourceTree = "<group>"; };
		774F3678233DC89700E1221E /* ContractSelectorView.swift */ = {isa = PBXFileReference; fileEncoding = 4; lastKnownFileType = sourcecode.swift; path = ContractSelectorView.swift; sourceTree = "<group>"; };
		774F3679233DC89700E1221E /* ContractSelectorViewController.swift */ = {isa = PBXFileReference; fileEncoding = 4; lastKnownFileType = sourcecode.swift; path = ContractSelectorViewController.swift; sourceTree = "<group>"; };
		774F367C233DCF4700E1221E /* ExchangeContractViewController.swift */ = {isa = PBXFileReference; fileEncoding = 4; lastKnownFileType = sourcecode.swift; path = ExchangeContractViewController.swift; sourceTree = "<group>"; };
		774F367D233DCF4700E1221E /* ExchangeContractView.swift */ = {isa = PBXFileReference; fileEncoding = 4; lastKnownFileType = sourcecode.swift; path = ExchangeContractView.swift; sourceTree = "<group>"; };
		774F3680233DDFBE00E1221E /* UIViewController+UIAlert.swift */ = {isa = PBXFileReference; fileEncoding = 4; lastKnownFileType = sourcecode.swift; path = "UIViewController+UIAlert.swift"; sourceTree = "<group>"; };
		A3E145BEB909297891E750E79B38412A /* AppDelegate.swift */ = {isa = PBXFileReference; lastKnownFileType = sourcecode.swift; path = AppDelegate.swift; sourceTree = "<group>"; };
		A4411D3078EDEE9B5BE91C77EBF69DB5 /* Info.plist */ = {isa = PBXFileReference; lastKnownFileType = text.plist.xml; path = Info.plist; sourceTree = "<group>"; };
/* End PBXFileReference section */

/* Begin PBXFrameworksBuildPhase section */
		B875853687F67E4FCA5C552903A4E814 /* Frameworks */ = {
			isa = PBXFrameworksBuildPhase;
			buildActionMask = 2147483647;
			files = (
				1F0C5F4D5141AF3B74D8E3F9D3FD94E0 /* TezosKit.framework in Frameworks */,
			);
			runOnlyForDeploymentPostprocessing = 0;
		};
/* End PBXFrameworksBuildPhase section */

/* Begin PBXGroup section */
		338C7A5107F7FA1A6039E1E95F0478B9 /* Carthage */ = {
			isa = PBXGroup;
			children = (
				9397C8F5987BFAAF81B12002CC6C3EE7 /* iOS */,
			);
			name = Carthage;
			path = Carthage/Build;
			sourceTree = "<group>";
		};
		81C2139B6F3C7618FADCECE7BADD3DF0 /* Products */ = {
			isa = PBXGroup;
			children = (
				6C8630102DA24ACA03D77E2C440B2DF9 /* DEXterDemo.app */,
			);
			name = Products;
			sourceTree = "<group>";
		};
		863E73F7613C8FF7AB5A994A5B974E40 /* Frameworks */ = {
			isa = PBXGroup;
			children = (
				338C7A5107F7FA1A6039E1E95F0478B9 /* Carthage */,
			);
			name = Frameworks;
			sourceTree = "<group>";
		};
		9397C8F5987BFAAF81B12002CC6C3EE7 /* iOS */ = {
			isa = PBXGroup;
			children = (
				3A44A3C40D634F2FE02518D1411E575D /* TezosKit.framework */,
			);
			path = iOS;
			sourceTree = "<group>";
		};
		C146CE069DD88B46335CD7036F7B2ADA = {
			isa = PBXGroup;
			children = (
				CFE91DF6410F59C27D2527B4ECBB57B7 /* DexterDemo */,
				863E73F7613C8FF7AB5A994A5B974E40 /* Frameworks */,
				81C2139B6F3C7618FADCECE7BADD3DF0 /* Products */,
			);
			sourceTree = "<group>";
		};
		CFE91DF6410F59C27D2527B4ECBB57B7 /* DexterDemo */ = {
			isa = PBXGroup;
			children = (
				A3E145BEB909297891E750E79B38412A /* AppDelegate.swift */,
				774F3672233DBC5300E1221E /* Address+ContractAddress.swift */,
				A4411D3078EDEE9B5BE91C77EBF69DB5 /* Info.plist */,
				774F367D233DCF4700E1221E /* ExchangeContractView.swift */,
				774F367C233DCF4700E1221E /* ExchangeContractViewController.swift */,
				1EE9BD162D9C0A1EA6FB74F11F63EF3B /* TokenContractView.swift */,
				774F3678233DC89700E1221E /* ContractSelectorView.swift */,
				774F3679233DC89700E1221E /* ContractSelectorViewController.swift */,
				7653A596A3F8B920CCC368090D4CF04F /* TokenContractViewController.swift */,
				774F3680233DDFBE00E1221E /* UIViewController+UIAlert.swift */,
				774F3674233DBEBC00E1221E /* UIColor+TezosKit.swift */,
				774F3676233DBF2A00E1221E /* UIButton+TezosKit.swift */,
			);
			path = DexterDemo;
			sourceTree = "<group>";
		};
/* End PBXGroup section */

/* Begin PBXNativeTarget section */
		06BC419958D605CA5D3E0EF04803E9B4 /* DEXterDemo */ = {
			isa = PBXNativeTarget;
			buildConfigurationList = 6E0AF051F33E0C7BEC549927E478284A /* Build configuration list for PBXNativeTarget "DEXterDemo" */;
			buildPhases = (
				BC0C05C954F6E5307A7EC740F6063D96 /* Sources */,
				865E628F0503180FA07FD38EE1D40006 /* Carthage */,
				B875853687F67E4FCA5C552903A4E814 /* Frameworks */,
			);
			buildRules = (
			);
			dependencies = (
			);
			name = DEXterDemo;
			productName = DEXterDemo;
			productReference = 6C8630102DA24ACA03D77E2C440B2DF9 /* DEXterDemo.app */;
			productType = "com.apple.product-type.application";
		};
/* End PBXNativeTarget section */

/* Begin PBXProject section */
		DB100A41F9C0C875E2F73A6B34D4F4C3 /* Project object */ = {
			isa = PBXProject;
			attributes = {
				LastUpgradeCheck = 1020;
			};
			buildConfigurationList = E9F23CC35710FB96B065B9146662601E /* Build configuration list for PBXProject "DexterDemo" */;
			compatibilityVersion = "Xcode 9.3";
			developmentRegion = en;
			hasScannedForEncodings = 0;
			knownRegions = (
				en,
			);
			mainGroup = C146CE069DD88B46335CD7036F7B2ADA;
			projectDirPath = "";
			projectRoot = "";
			targets = (
				06BC419958D605CA5D3E0EF04803E9B4 /* DEXterDemo */,
			);
		};
/* End PBXProject section */

/* Begin PBXShellScriptBuildPhase section */
		865E628F0503180FA07FD38EE1D40006 /* Carthage */ = {
			isa = PBXShellScriptBuildPhase;
			buildActionMask = 2147483647;
			files = (
			);
			inputPaths = (
				"$(SRCROOT)/Carthage/Build/iOS/TezosKit.framework",
			);
			name = Carthage;
			outputPaths = (
				"$(BUILT_PRODUCTS_DIR)/$(FRAMEWORKS_FOLDER_PATH)/TezosKit.framework",
			);
			runOnlyForDeploymentPostprocessing = 0;
			shellPath = /bin/sh;
			shellScript = "carthage copy-frameworks\n";
		};
/* End PBXShellScriptBuildPhase section */

/* Begin PBXSourcesBuildPhase section */
		BC0C05C954F6E5307A7EC740F6063D96 /* Sources */ = {
			isa = PBXSourcesBuildPhase;
			buildActionMask = 2147483647;
			files = (
				743BBB48B6A3746C7DFA3943D0ED8A4F /* AppDelegate.swift in Sources */,
				774F3673233DBC5300E1221E /* Address+ContractAddress.swift in Sources */,
				774F3677233DBF2A00E1221E /* UIButton+TezosKit.swift in Sources */,
				774F367F233DCF4700E1221E /* ExchangeContractView.swift in Sources */,
				E36AF4C6BCBCBD67B8C465ACAC813FAF /* TokenContractView.swift in Sources */,
				774F367A233DC89700E1221E /* ContractSelectorView.swift in Sources */,
				774F367E233DCF4700E1221E /* ExchangeContractViewController.swift in Sources */,
				774F367B233DC89700E1221E /* ContractSelectorViewController.swift in Sources */,
				774F3681233DDFBE00E1221E /* UIViewController+UIAlert.swift in Sources */,
				774F3675233DBEBC00E1221E /* UIColor+TezosKit.swift in Sources */,
				845AEF68134F624C675E0E8F060394C6 /* TokenContractViewController.swift in Sources */,
			);
			runOnlyForDeploymentPostprocessing = 0;
		};
/* End PBXSourcesBuildPhase section */

/* Begin XCBuildConfiguration section */
		11646F9982BBC212C15594D91B9211ED /* Debug */ = {
			isa = XCBuildConfiguration;
			buildSettings = {
				ALWAYS_SEARCH_USER_PATHS = NO;
				CLANG_ANALYZER_NONNULL = YES;
				CLANG_ANALYZER_NUMBER_OBJECT_CONVERSION = YES_AGGRESSIVE;
				CLANG_CXX_LANGUAGE_STANDARD = "gnu++14";
				CLANG_CXX_LIBRARY = "libc++";
				CLANG_ENABLE_MODULES = YES;
				CLANG_ENABLE_OBJC_ARC = YES;
				CLANG_WARN_BLOCK_CAPTURE_AUTORELEASING = YES;
				CLANG_WARN_BOOL_CONVERSION = YES;
				CLANG_WARN_COMMA = YES;
				CLANG_WARN_CONSTANT_CONVERSION = YES;
				CLANG_WARN_DEPRECATED_OBJC_IMPLEMENTATIONS = YES;
				CLANG_WARN_DIRECT_OBJC_ISA_USAGE = YES_ERROR;
				CLANG_WARN_DOCUMENTATION_COMMENTS = YES;
				CLANG_WARN_EMPTY_BODY = YES;
				CLANG_WARN_ENUM_CONVERSION = YES;
				CLANG_WARN_INFINITE_RECURSION = YES;
				CLANG_WARN_INT_CONVERSION = YES;
				CLANG_WARN_NON_LITERAL_NULL_CONVERSION = YES;
				CLANG_WARN_OBJC_IMPLICIT_RETAIN_SELF = YES;
				CLANG_WARN_OBJC_LITERAL_CONVERSION = YES;
				CLANG_WARN_OBJC_ROOT_CLASS = YES_ERROR;
				CLANG_WARN_RANGE_LOOP_ANALYSIS = YES;
				CLANG_WARN_STRICT_PROTOTYPES = YES;
				CLANG_WARN_SUSPICIOUS_MOVE = YES;
				CLANG_WARN_UNGUARDED_AVAILABILITY = YES_AGGRESSIVE;
				CLANG_WARN_UNREACHABLE_CODE = YES;
				CLANG_WARN__DUPLICATE_METHOD_MATCH = YES;
				COPY_PHASE_STRIP = NO;
				DEBUG_INFORMATION_FORMAT = dwarf;
				ENABLE_STRICT_OBJC_MSGSEND = YES;
				ENABLE_TESTABILITY = YES;
				GCC_C_LANGUAGE_STANDARD = gnu11;
				GCC_DYNAMIC_NO_PIC = NO;
				GCC_NO_COMMON_BLOCKS = YES;
				GCC_OPTIMIZATION_LEVEL = 0;
				GCC_PREPROCESSOR_DEFINITIONS = (
					"$(inherited)",
					"DEBUG=1",
				);
				GCC_WARN_64_TO_32_BIT_CONVERSION = YES;
				GCC_WARN_ABOUT_RETURN_TYPE = YES_ERROR;
				GCC_WARN_UNDECLARED_SELECTOR = YES;
				GCC_WARN_UNINITIALIZED_AUTOS = YES_AGGRESSIVE;
				GCC_WARN_UNUSED_FUNCTION = YES;
				GCC_WARN_UNUSED_VARIABLE = YES;
				LD_RUNPATH_SEARCH_PATHS = (
					"$(inherited)",
					"@executable_path/../Frameworks",
					"@loader_path/../Frameworks",
					"$(PROJECT_DIR)/Carthage/Build/iOS",
				);
				MTL_ENABLE_DEBUG_INFO = YES;
				ONLY_ACTIVE_ARCH = YES;
				PRODUCT_NAME = "$(TARGET_NAME)";
				SDKROOT = iphoneos;
				SWIFT_ACTIVE_COMPILATION_CONDITIONS = DEBUG;
				SWIFT_OPTIMIZATION_LEVEL = "-Onone";
				SWIFT_VERSION = 5.0;
			};
			name = Debug;
		};
		429C5340189184974AB3F7A2450901B9 /* Debug */ = {
			isa = XCBuildConfiguration;
			buildSettings = {
				ASSETCATALOG_COMPILER_APPICON_NAME = AppIcon;
				CODE_SIGN_IDENTITY = "iPhone Developer";
				DEVELOPMENT_TEAM = 6F6VXZUKN5;
				FRAMEWORK_SEARCH_PATHS = (
					"$(inherited)",
					"$(PROJECT_DIR)/Carthage/Build/iOS",
				);
				INFOPLIST_FILE = DexterDemo/Info.plist;
				LD_RUNPATH_SEARCH_PATHS = (
					"$(inherited)",
					"@executable_path/Frameworks",
				);
				PRODUCT_BUNDLE_IDENTIFIER = com.keefertaylor.DEXterDemo;
				SDKROOT = iphoneos;
				TARGETED_DEVICE_FAMILY = "1,2";
			};
			name = Debug;
		};
		5031EDA0667A3D9E28ACC13C3F8D70E4 /* Release */ = {
			isa = XCBuildConfiguration;
			buildSettings = {
				ALWAYS_SEARCH_USER_PATHS = NO;
				CLANG_ANALYZER_NONNULL = YES;
				CLANG_ANALYZER_NUMBER_OBJECT_CONVERSION = YES_AGGRESSIVE;
				CLANG_CXX_LANGUAGE_STANDARD = "gnu++14";
				CLANG_CXX_LIBRARY = "libc++";
				CLANG_ENABLE_MODULES = YES;
				CLANG_ENABLE_OBJC_ARC = YES;
				CLANG_WARN_BLOCK_CAPTURE_AUTORELEASING = YES;
				CLANG_WARN_BOOL_CONVERSION = YES;
				CLANG_WARN_COMMA = YES;
				CLANG_WARN_CONSTANT_CONVERSION = YES;
				CLANG_WARN_DEPRECATED_OBJC_IMPLEMENTATIONS = YES;
				CLANG_WARN_DIRECT_OBJC_ISA_USAGE = YES_ERROR;
				CLANG_WARN_DOCUMENTATION_COMMENTS = YES;
				CLANG_WARN_EMPTY_BODY = YES;
				CLANG_WARN_ENUM_CONVERSION = YES;
				CLANG_WARN_INFINITE_RECURSION = YES;
				CLANG_WARN_INT_CONVERSION = YES;
				CLANG_WARN_NON_LITERAL_NULL_CONVERSION = YES;
				CLANG_WARN_OBJC_IMPLICIT_RETAIN_SELF = YES;
				CLANG_WARN_OBJC_LITERAL_CONVERSION = YES;
				CLANG_WARN_OBJC_ROOT_CLASS = YES_ERROR;
				CLANG_WARN_RANGE_LOOP_ANALYSIS = YES;
				CLANG_WARN_STRICT_PROTOTYPES = YES;
				CLANG_WARN_SUSPICIOUS_MOVE = YES;
				CLANG_WARN_UNGUARDED_AVAILABILITY = YES_AGGRESSIVE;
				CLANG_WARN_UNREACHABLE_CODE = YES;
				CLANG_WARN__DUPLICATE_METHOD_MATCH = YES;
				COPY_PHASE_STRIP = NO;
				DEBUG_INFORMATION_FORMAT = "dwarf-with-dsym";
				ENABLE_NS_ASSERTIONS = NO;
				ENABLE_STRICT_OBJC_MSGSEND = YES;
				GCC_C_LANGUAGE_STANDARD = gnu11;
				GCC_NO_COMMON_BLOCKS = YES;
				GCC_WARN_64_TO_32_BIT_CONVERSION = YES;
				GCC_WARN_ABOUT_RETURN_TYPE = YES_ERROR;
				GCC_WARN_UNDECLARED_SELECTOR = YES;
				GCC_WARN_UNINITIALIZED_AUTOS = YES_AGGRESSIVE;
				GCC_WARN_UNUSED_FUNCTION = YES;
				GCC_WARN_UNUSED_VARIABLE = YES;
				LD_RUNPATH_SEARCH_PATHS = (
					"$(inherited)",
					"@executable_path/../Frameworks",
					"@loader_path/../Frameworks",
					"$(PROJECT_DIR)/Carthage/Build/iOS",
				);
				PRODUCT_NAME = "$(TARGET_NAME)";
				SDKROOT = iphoneos;
				SWIFT_COMPILATION_MODE = wholemodule;
				SWIFT_VERSION = 5.0;
				VALIDATE_PRODUCT = YES;
			};
			name = Release;
		};
		F53ACCA25F53E272510F33BDDCF52954 /* Release */ = {
			isa = XCBuildConfiguration;
			buildSettings = {
				ASSETCATALOG_COMPILER_APPICON_NAME = AppIcon;
				CODE_SIGN_IDENTITY = "iPhone Developer";
				DEVELOPMENT_TEAM = 6F6VXZUKN5;
				FRAMEWORK_SEARCH_PATHS = (
					"$(inherited)",
					"$(PROJECT_DIR)/Carthage/Build/iOS",
				);
				INFOPLIST_FILE = DexterDemo/Info.plist;
				LD_RUNPATH_SEARCH_PATHS = (
					"$(inherited)",
					"@executable_path/Frameworks",
				);
				PRODUCT_BUNDLE_IDENTIFIER = com.keefertaylor.DEXterDemo;
				SDKROOT = iphoneos;
				TARGETED_DEVICE_FAMILY = "1,2";
			};
			name = Release;
		};
/* End XCBuildConfiguration section */

/* Begin XCConfigurationList section */
		6E0AF051F33E0C7BEC549927E478284A /* Build configuration list for PBXNativeTarget "DEXterDemo" */ = {
			isa = XCConfigurationList;
			buildConfigurations = (
				429C5340189184974AB3F7A2450901B9 /* Debug */,
				F53ACCA25F53E272510F33BDDCF52954 /* Release */,
			);
			defaultConfigurationIsVisible = 0;
			defaultConfigurationName = "";
		};
		E9F23CC35710FB96B065B9146662601E /* Build configuration list for PBXProject "DexterDemo" */ = {
			isa = XCConfigurationList;
			buildConfigurations = (
				11646F9982BBC212C15594D91B9211ED /* Debug */,
				5031EDA0667A3D9E28ACC13C3F8D70E4 /* Release */,
			);
			defaultConfigurationIsVisible = 0;
			defaultConfigurationName = Debug;
		};
/* End XCConfigurationList section */
	};
	rootObject = DB100A41F9C0C875E2F73A6B34D4F4C3 /* Project object */;
}
